// !$*UTF8*$!
{
	archiveVersion = 1;
	classes = {
	};
	objectVersion = 50;
	objects = {

/* Begin PBXBuildFile section */
		4D211FD3245CE7AE00C150AB /* AppDelegate.swift in Sources */ = {isa = PBXBuildFile; fileRef = 4D211FD2245CE7AE00C150AB /* AppDelegate.swift */; };
		4D211FD5245CE7AE00C150AB /* SceneDelegate.swift in Sources */ = {isa = PBXBuildFile; fileRef = 4D211FD4245CE7AE00C150AB /* SceneDelegate.swift */; };
		4D211FD7245CE7AE00C150AB /* ViewController.swift in Sources */ = {isa = PBXBuildFile; fileRef = 4D211FD6245CE7AE00C150AB /* ViewController.swift */; };
		4D211FDA245CE7AE00C150AB /* Main.storyboard in Resources */ = {isa = PBXBuildFile; fileRef = 4D211FD8245CE7AE00C150AB /* Main.storyboard */; };
		4D211FDC245CE7B100C150AB /* Assets.xcassets in Resources */ = {isa = PBXBuildFile; fileRef = 4D211FDB245CE7B100C150AB /* Assets.xcassets */; };
		4D211FDF245CE7B100C150AB /* LaunchScreen.storyboard in Resources */ = {isa = PBXBuildFile; fileRef = 4D211FDD245CE7B100C150AB /* LaunchScreen.storyboard */; };
/* End PBXBuildFile section */

/* Begin PBXFileReference section */
		4D211FCF245CE7AE00C150AB /* Easy Browser.app */ = {isa = PBXFileReference; explicitFileType = wrapper.application; includeInIndex = 0; path = "Easy Browser.app"; sourceTree = BUILT_PRODUCTS_DIR; };
		4D211FD2245CE7AE00C150AB /* AppDelegate.swift */ = {isa = PBXFileReference; lastKnownFileType = sourcecode.swift; path = AppDelegate.swift; sourceTree = "<group>"; };
		4D211FD4245CE7AE00C150AB /* SceneDelegate.swift */ = {isa = PBXFileReference; lastKnownFileType = sourcecode.swift; path = SceneDelegate.swift; sourceTree = "<group>"; };
		4D211FD6245CE7AE00C150AB /* ViewController.swift */ = {isa = PBXFileReference; lastKnownFileType = sourcecode.swift; path = ViewController.swift; sourceTree = "<group>"; };
		4D211FD9245CE7AE00C150AB /* Base */ = {isa = PBXFileReference; lastKnownFileType = file.storyboard; name = Base; path = Base.lproj/Main.storyboard; sourceTree = "<group>"; };
		4D211FDB245CE7B100C150AB /* Assets.xcassets */ = {isa = PBXFileReference; lastKnownFileType = folder.assetcatalog; path = Assets.xcassets; sourceTree = "<group>"; };
		4D211FDE245CE7B100C150AB /* Base */ = {isa = PBXFileReference; lastKnownFileType = file.storyboard; name = Base; path = Base.lproj/LaunchScreen.storyboard; sourceTree = "<group>"; };
		4D211FE0245CE7B100C150AB /* Info.plist */ = {isa = PBXFileReference; lastKnownFileType = text.plist.xml; path = Info.plist; sourceTree = "<group>"; };
/* End PBXFileReference section */

/* Begin PBXFrameworksBuildPhase section */
		4D211FCC245CE7AE00C150AB /* Frameworks */ = {
			isa = PBXFrameworksBuildPhase;
			buildActionMask = 2147483647;
			files = (
			);
			runOnlyForDeploymentPostprocessing = 0;
		};
/* End PBXFrameworksBuildPhase section */

/* Begin PBXGroup section */
		4D211FC6245CE7AE00C150AB = {
			isa = PBXGroup;
			children = (
				4D211FD1245CE7AE00C150AB /* Easy Browser */,
				4D211FD0245CE7AE00C150AB /* Products */,
			);
			sourceTree = "<group>";
		};
		4D211FD0245CE7AE00C150AB /* Products */ = {
			isa = PBXGroup;
			children = (
				4D211FCF245CE7AE00C150AB /* Easy Browser.app */,
			);
			name = Products;
			sourceTree = "<group>";
		};
		4D211FD1245CE7AE00C150AB /* Easy Browser */ = {
			isa = PBXGroup;
			children = (
				4D211FD2245CE7AE00C150AB /* AppDelegate.swift */,
				4D211FD4245CE7AE00C150AB /* SceneDelegate.swift */,
				4D211FD6245CE7AE00C150AB /* ViewController.swift */,
				4D211FD8245CE7AE00C150AB /* Main.storyboard */,
				4D211FDB245CE7B100C150AB /* Assets.xcassets */,
				4D211FDD245CE7B100C150AB /* LaunchScreen.storyboard */,
				4D211FE0245CE7B100C150AB /* Info.plist */,
			);
			path = "Easy Browser";
			sourceTree = "<group>";
		};
/* End PBXGroup section */

/* Begin PBXNativeTarget section */
		4D211FCE245CE7AE00C150AB /* Easy Browser */ = {
			isa = PBXNativeTarget;
			buildConfigurationList = 4D211FE3245CE7B100C150AB /* Build configuration list for PBXNativeTarget "Easy Browser" */;
			buildPhases = (
				4D211FCB245CE7AE00C150AB /* Sources */,
				4D211FCC245CE7AE00C150AB /* Frameworks */,
				4D211FCD245CE7AE00C150AB /* Resources */,
			);
			buildRules = (
			);
			dependencies = (
			);
			name = "Easy Browser";
			productName = "Easy Browser";
			productReference = 4D211FCF245CE7AE00C150AB /* Easy Browser.app */;
			productType = "com.apple.product-type.application";
		};
/* End PBXNativeTarget section */

/* Begin PBXProject section */
		4D211FC7245CE7AE00C150AB /* Project object */ = {
			isa = PBXProject;
			attributes = {
				LastSwiftUpdateCheck = 1130;
				LastUpgradeCheck = 1130;
				ORGANIZATIONNAME = "Alejandro Barranco";
				TargetAttributes = {
					4D211FCE245CE7AE00C150AB = {
						CreatedOnToolsVersion = 11.3;
					};
				};
			};
			buildConfigurationList = 4D211FCA245CE7AE00C150AB /* Build configuration list for PBXProject "Easy Browser" */;
			compatibilityVersion = "Xcode 9.3";
			developmentRegion = en;
			hasScannedForEncodings = 0;
			knownRegions = (
				en,
				Base,
			);
			mainGroup = 4D211FC6245CE7AE00C150AB;
			productRefGroup = 4D211FD0245CE7AE00C150AB /* Products */;
			projectDirPath = "";
			projectRoot = "";
			targets = (
				4D211FCE245CE7AE00C150AB /* Easy Browser */,
			);
		};
/* End PBXProject section */

/* Begin PBXResourcesBuildPhase section */
		4D211FCD245CE7AE00C150AB /* Resources */ = {
			isa = PBXResourcesBuildPhase;
			buildActionMask = 2147483647;
			files = (
				4D211FDF245CE7B100C150AB /* LaunchScreen.storyboard in Resources */,
				4D211FDC245CE7B100C150AB /* Assets.xcassets in Resources */,
				4D211FDA245CE7AE00C150AB /* Main.storyboard in Resources */,
			);
			runOnlyForDeploymentPostprocessing = 0;
		};
/* End PBXResourcesBuildPhase section */

/* Begin PBXSourcesBuildPhase section */
		4D211FCB245CE7AE00C150AB /* Sources */ = {
			isa = PBXSourcesBuildPhase;
			buildActionMask = 2147483647;
			files = (
				4D211FD7245CE7AE00C150AB /* ViewController.swift in Sources */,
				4D211FD3245CE7AE00C150AB /* AppDelegate.swift in Sources */,
				4D211FD5245CE7AE00C150AB /* SceneDelegate.swift in Sources */,
			);
			runOnlyForDeploymentPostprocessing = 0;
		};
/* End PBXSourcesBuildPhase section */

/* Begin PBXVariantGroup section */
		4D211FD8245CE7AE00C150AB /* Main.storyboard */ = {
			isa = PBXVariantGroup;
			children = (
				4D211FD9245CE7AE00C150AB /* Base */,
			);
			name = Main.storyboard;
			sourceTree = "<group>";
		};
		4D211FDD245CE7B100C150AB /* LaunchScreen.storyboard */ = {
			isa = PBXVariantGroup;
			children = (
				4D211FDE245CE7B100C150AB /* Base */,
			);
			name = LaunchScreen.storyboard;
			sourceTree = "<group>";
		};
/* End PBXVariantGroup section */

/* Begin XCBuildConfiguration section */
		4D211FE1245CE7B100C150AB /* Debug */ = {
			isa = XCBuildConfiguration;
			buildSettings = {
				ALWAYS_SEARCH_USER_PATHS = NO;
				CLANG_ANALYZER_NONNULL = YES;
				CLANG_ANALYZER_NUMBER_OBJECT_CONVERSION = YES_AGGRESSIVE;
				CLANG_CXX_LANGUAGE_STANDARD = "gnu++14";
				CLANG_CXX_LIBRARY = "libc++";
				CLANG_ENABLE_MODULES = YES;
				CLANG_ENABLE_OBJC_ARC = YES;
				CLANG_ENABLE_OBJC_WEAK = YES;
				CLANG_WARN_BLOCK_CAPTURE_AUTORELEASING = YES;
				CLANG_WARN_BOOL_CONVERSION = YES;
				CLANG_WARN_COMMA = YES;
				CLANG_WARN_CONSTANT_CONVERSION = YES;
				CLANG_WARN_DEPRECATED_OBJC_IMPLEMENTATIONS = YES;
				CLANG_WARN_DIRECT_OBJC_ISA_USAGE = YES_ERROR;
				CLANG_WARN_DOCUMENTATION_COMMENTS = YES;
				CLANG_WARN_EMPTY_BODY = YES;
				CLANG_WARN_ENUM_CONVERSION = YES;
				CLANG_WARN_INFINITE_RECURSION = YES;
				CLANG_WARN_INT_CONVERSION = YES;
				CLANG_WARN_NON_LITERAL_NULL_CONVERSION = YES;
				CLANG_WARN_OBJC_IMPLICIT_RETAIN_SELF = YES;
				CLANG_WARN_OBJC_LITERAL_CONVERSION = YES;
				CLANG_WARN_OBJC_ROOT_CLASS = YES_ERROR;
				CLANG_WARN_RANGE_LOOP_ANALYSIS = YES;
				CLANG_WARN_STRICT_PROTOTYPES = YES;
				CLANG_WARN_SUSPICIOUS_MOVE = YES;
				CLANG_WARN_UNGUARDED_AVAILABILITY = YES_AGGRESSIVE;
				CLANG_WARN_UNREACHABLE_CODE = YES;
				CLANG_WARN__DUPLICATE_METHOD_MATCH = YES;
				COPY_PHASE_STRIP = NO;
				DEBUG_INFORMATION_FORMAT = dwarf;
				ENABLE_STRICT_OBJC_MSGSEND = YES;
				ENABLE_TESTABILITY = YES;
				GCC_C_LANGUAGE_STANDARD = gnu11;
				GCC_DYNAMIC_NO_PIC = NO;
				GCC_NO_COMMON_BLOCKS = YES;
				GCC_OPTIMIZATION_LEVEL = 0;
				GCC_PREPROCESSOR_DEFINITIONS = (
					"DEBUG=1",
					"$(inherited)",
				);
				GCC_WARN_64_TO_32_BIT_CONVERSION = YES;
				GCC_WARN_ABOUT_RETURN_TYPE = YES_ERROR;
				GCC_WARN_UNDECLARED_SELECTOR = YES;
				GCC_WARN_UNINITIALIZED_AUTOS = YES_AGGRESSIVE;
				GCC_WARN_UNUSED_FUNCTION = YES;
				GCC_WARN_UNUSED_VARIABLE = YES;
				IPHONEOS_DEPLOYMENT_TARGET = 13.2;
				MTL_ENABLE_DEBUG_INFO = INCLUDE_SOURCE;
				MTL_FAST_MATH = YES;
				ONLY_ACTIVE_ARCH = YES;
				SDKROOT = iphoneos;
				SWIFT_ACTIVE_COMPILATION_CONDITIONS = DEBUG;
				SWIFT_OPTIMIZATION_LEVEL = "-Onone";
			};
			name = Debug;
		};
		4D211FE2245CE7B100C150AB /* Release */ = {
			isa = XCBuildConfiguration;
			buildSettings = {
				ALWAYS_SEARCH_USER_PATHS = NO;
				CLANG_ANALYZER_NONNULL = YES;
				CLANG_ANALYZER_NUMBER_OBJECT_CONVERSION = YES_AGGRESSIVE;
				CLANG_CXX_LANGUAGE_STANDARD = "gnu++14";
				CLANG_CXX_LIBRARY = "libc++";
				CLANG_ENABLE_MODULES = YES;
				CLANG_ENABLE_OBJC_ARC = YES;
				CLANG_ENABLE_OBJC_WEAK = YES;
				CLANG_WARN_BLOCK_CAPTURE_AUTORELEASING = YES;
				CLANG_WARN_BOOL_CONVERSION = YES;
				CLANG_WARN_COMMA = YES;
				CLANG_WARN_CONSTANT_CONVERSION = YES;
				CLANG_WARN_DEPRECATED_OBJC_IMPLEMENTATIONS = YES;
				CLANG_WARN_DIRECT_OBJC_ISA_USAGE = YES_ERROR;
				CLANG_WARN_DOCUMENTATION_COMMENTS = YES;
				CLANG_WARN_EMPTY_BODY = YES;
				CLANG_WARN_ENUM_CONVERSION = YES;
				CLANG_WARN_INFINITE_RECURSION = YES;
				CLANG_WARN_INT_CONVERSION = YES;
				CLANG_WARN_NON_LITERAL_NULL_CONVERSION = YES;
				CLANG_WARN_OBJC_IMPLICIT_RETAIN_SELF = YES;
				CLANG_WARN_OBJC_LITERAL_CONVERSION = YES;
				CLANG_WARN_OBJC_ROOT_CLASS = YES_ERROR;
				CLANG_WARN_RANGE_LOOP_ANALYSIS = YES;
				CLANG_WARN_STRICT_PROTOTYPES = YES;
				CLANG_WARN_SUSPICIOUS_MOVE = YES;
				CLANG_WARN_UNGUARDED_AVAILABILITY = YES_AGGRESSIVE;
				CLANG_WARN_UNREACHABLE_CODE = YES;
				CLANG_WARN__DUPLICATE_METHOD_MATCH = YES;
				COPY_PHASE_STRIP = NO;
				DEBUG_INFORMATION_FORMAT = "dwarf-with-dsym";
				ENABLE_NS_ASSERTIONS = NO;
				ENABLE_STRICT_OBJC_MSGSEND = YES;
				GCC_C_LANGUAGE_STANDARD = gnu11;
				GCC_NO_COMMON_BLOCKS = YES;
				GCC_WARN_64_TO_32_BIT_CONVERSION = YES;
				GCC_WARN_ABOUT_RETURN_TYPE = YES_ERROR;
				GCC_WARN_UNDECLARED_SELECTOR = YES;
				GCC_WARN_UNINITIALIZED_AUTOS = YES_AGGRESSIVE;
				GCC_WARN_UNUSED_FUNCTION = YES;
				GCC_WARN_UNUSED_VARIABLE = YES;
				IPHONEOS_DEPLOYMENT_TARGET = 13.2;
				MTL_ENABLE_DEBUG_INFO = NO;
				MTL_FAST_MATH = YES;
				SDKROOT = iphoneos;
				SWIFT_COMPILATION_MODE = wholemodule;
				SWIFT_OPTIMIZATION_LEVEL = "-O";
				VALIDATE_PRODUCT = YES;
			};
			name = Release;
		};
		4D211FE4245CE7B100C150AB /* Debug */ = {
			isa = XCBuildConfiguration;
			buildSettings = {
				ASSETCATALOG_COMPILER_APPICON_NAME = AppIcon;
				CODE_SIGN_STYLE = Automatic;
				DEVELOPMENT_TEAM = 4T73DGMVFQ;
				INFOPLIST_FILE = "Easy Browser/Info.plist";
				LD_RUNPATH_SEARCH_PATHS = (
					"$(inherited)",
					"@executable_path/Frameworks",
				);
				PRODUCT_BUNDLE_IDENTIFIER = "alexbar10.Easy-Browser";
				PRODUCT_NAME = "$(TARGET_NAME)";
				SWIFT_VERSION = 5.0;
				TARGETED_DEVICE_FAMILY = "1,2";
			};
			name = Debug;
		};
		4D211FE5245CE7B100C150AB /* Release */ = {
			isa = XCBuildConfiguration;
			buildSettings = {
				ASSETCATALOG_COMPILER_APPICON_NAME = AppIcon;
				CODE_SIGN_STYLE = Automatic;
				DEVELOPMENT_TEAM = 4T73DGMVFQ;
				INFOPLIST_FILE = "Easy Browser/Info.plist";
				LD_RUNPATH_SEARCH_PATHS = (
					"$(inherited)",
					"@executable_path/Frameworks",
				);
				PRODUCT_BUNDLE_IDENTIFIER = "alexbar10.Easy-Browser";
				PRODUCT_NAME = "$(TARGET_NAME)";
				SWIFT_VERSION = 5.0;
				TARGETED_DEVICE_FAMILY = "1,2";
			};
			name = Release;
		};
/* End XCBuildConfiguration section */

/* Begin XCConfigurationList section */
		4D211FCA245CE7AE00C150AB /* Build configuration list for PBXProject "Easy Browser" */ = {
			isa = XCConfigurationList;
			buildConfigurations = (
				4D211FE1245CE7B100C150AB /* Debug */,
				4D211FE2245CE7B100C150AB /* Release */,
			);
			defaultConfigurationIsVisible = 0;
			defaultConfigurationName = Release;
		};
		4D211FE3245CE7B100C150AB /* Build configuration list for PBXNativeTarget "Easy Browser" */ = {
			isa = XCConfigurationList;
			buildConfigurations = (
				4D211FE4245CE7B100C150AB /* Debug */,
				4D211FE5245CE7B100C150AB /* Release */,
			);
			defaultConfigurationIsVisible = 0;
			defaultConfigurationName = Release;
		};
/* End XCConfigurationList section */
	};
	rootObject = 4D211FC7245CE7AE00C150AB /* Project object */;
}
